{
  "name": "acccnmsgraphxls",
  "version": "1.0.0",
  "lockfileVersion": 2,
  "requires": true,
  "packages": {
    "": {
      "name": "acccnmsgraphxls",
      "version": "1.0.0",
      "dependencies": {
        "bluebird": "^3.7.2",
        "lodash": "^4.17.21",
        "moment": "^2.29.1"
      },
      "devDependencies": {
        "@azure/functions": "^1.2.3",
        "@types/bluebird": "^3.5.36",
        "@types/bluebird-global": "^3.5.13",
        "@types/lodash": "^4.14.178",
        "@types/superagent": "^4.1.15",
        "typescript": "^4.0.0"
      }
    },
    "node_modules/@azure/functions": {
      "version": "1.2.3",
      "resolved": "https://registry.npmjs.org/@azure/functions/-/functions-1.2.3.tgz",
      "integrity": "sha512-dZITbYPNg6ay6ngcCOjRUh1wDhlFITS0zIkqplyH5KfKEAVPooaoaye5mUFnR+WP9WdGRjlNXyl/y2tgWKHcRg==",
      "dev": true
    },
    "node_modules/@types/bluebird": {
      "version": "3.5.36",
      "resolved": "https://registry.npmjs.org/@types/bluebird/-/bluebird-3.5.36.tgz",
      "integrity": "sha512-HBNx4lhkxN7bx6P0++W8E289foSu8kO8GCk2unhuVggO+cE7rh9DhZUyPhUxNRG9m+5B5BTKxZQ5ZP92x/mx9Q==",
      "dev": true
    },
    "node_modules/@types/bluebird-global": {
      "version": "3.5.13",
      "resolved": "https://registry.npmjs.org/@types/bluebird-global/-/bluebird-global-3.5.13.tgz",
      "integrity": "sha512-jmq47VdRYy8KPjXDlJ6zO5Ie+l5j0X2fGdSbfCS3mGdM93MTy50dh/EfltIv/QD15hCYTY+0lm/C0Bou1tPYnQ==",
      "dev": true,
      "dependencies": {
        "@types/bluebird": "*"
      }
    },
    "node_modules/@types/cookiejar": {
      "version": "2.1.2",
      "resolved": "https://registry.npmjs.org/@types/cookiejar/-/cookiejar-2.1.2.tgz",
      "integrity": "sha512-t73xJJrvdTjXrn4jLS9VSGRbz0nUY3cl2DMGDU48lKl+HR9dbbjW2A9r3g40VA++mQpy6uuHg33gy7du2BKpog==",
      "dev": true
    },
    "node_modules/@types/lodash": {
      "version": "4.14.178",
      "resolved": "https://registry.npmjs.org/@types/lodash/-/lodash-4.14.178.tgz",
      "integrity": "sha512-0d5Wd09ItQWH1qFbEyQ7oTQ3GZrMfth5JkbN3EvTKLXcHLRDSXeLnlvlOn0wvxVIwK5o2M8JzP/OWz7T3NRsbw==",
      "dev": true
    },
    "node_modules/@types/node": {
      "version": "17.0.13",
      "resolved": "https://registry.npmjs.org/@types/node/-/node-17.0.13.tgz",
      "integrity": "sha512-Y86MAxASe25hNzlDbsviXl8jQHb0RDvKt4c40ZJQ1Don0AAL0STLZSs4N+6gLEO55pedy7r2cLwS+ZDxPm/2Bw==",
      "dev": true
    },
    "node_modules/@types/superagent": {
      "version": "4.1.15",
      "resolved": "https://registry.npmjs.org/@types/superagent/-/superagent-4.1.15.tgz",
      "integrity": "sha512-mu/N4uvfDN2zVQQ5AYJI/g4qxn2bHB6521t1UuH09ShNWjebTqN0ZFuYK9uYjcgmI0dTQEs+Owi1EO6U0OkOZQ==",
      "dev": true,
      "dependencies": {
        "@types/cookiejar": "*",
        "@types/node": "*"
      }
    },
    "node_modules/bluebird": {
      "version": "3.7.2",
      "resolved": "https://registry.npmjs.org/bluebird/-/bluebird-3.7.2.tgz",
      "integrity": "sha512-XpNj6GDQzdfW+r2Wnn7xiSAd7TM3jzkxGXBGTtWKuSXv1xUV+azxAm8jdWZN06QTQk+2N2XB9jRDkvbmQmcRtg=="
    },
    "node_modules/lodash": {
      "version": "4.17.21",
      "resolved": "https://registry.npmjs.org/lodash/-/lodash-4.17.21.tgz",
      "integrity": "sha512-v2kDEe57lecTulaDIuNTPy3Ry4gLGJ6Z1O3vE1krgXZNrsQ+LFTGHVxVjcXPs17LhbZVGedAJv8XZ1tvj5FvSg=="
    },
    "node_modules/moment": {
      "version": "2.29.1",
      "resolved": "https://registry.npmjs.org/moment/-/moment-2.29.1.tgz",
      "integrity": "sha512-kHmoybcPV8Sqy59DwNDY3Jefr64lK/by/da0ViFcuA4DH0vQg5Q6Ze5VimxkfQNSC+Mls/Kx53s7TjP1RhFEDQ==",
      "engines": {
        "node": "*"
      }
    },
    "node_modules/typescript": {
      "version": "4.5.5",
      "resolved": "https://registry.npmjs.org/typescript/-/typescript-4.5.5.tgz",
      "integrity": "sha512-TCTIul70LyWe6IJWT8QSYeA54WQe8EjQFU4wY52Fasj5UKx88LNYKCgBEHcOMOrFF1rKGbD8v/xcNWVUq9SymA==",
      "dev": true,
      "bin": {
        "tsc": "bin/tsc",
        "tsserver": "bin/tsserver"
      },
      "engines": {
        "node": ">=4.2.0"
      }
    }
  },
  "dependencies": {
    "@azure/functions": {
      "version": "1.2.3",
      "resolved": "https://registry.npmjs.org/@azure/functions/-/functions-1.2.3.tgz",
      "integrity": "sha512-dZITbYPNg6ay6ngcCOjRUh1wDhlFITS0zIkqplyH5KfKEAVPooaoaye5mUFnR+WP9WdGRjlNXyl/y2tgWKHcRg==",
      "dev": true
    },
    "@types/bluebird": {
      "version": "3.5.36",
      "resolved": "https://registry.npmjs.org/@types/bluebird/-/bluebird-3.5.36.tgz",
      "integrity": "sha512-HBNx4lhkxN7bx6P0++W8E289foSu8kO8GCk2unhuVggO+cE7rh9DhZUyPhUxNRG9m+5B5BTKxZQ5ZP92x/mx9Q==",
      "dev": true
    },
    "@types/bluebird-global": {
      "version": "3.5.13",
      "resolved": "https://registry.npmjs.org/@types/bluebird-global/-/bluebird-global-3.5.13.tgz",
      "integrity": "sha512-jmq47VdRYy8KPjXDlJ6zO5Ie+l5j0X2fGdSbfCS3mGdM93MTy50dh/EfltIv/QD15hCYTY+0lm/C0Bou1tPYnQ==",
      "dev": true,
      "requires": {
        "@types/bluebird": "*"
      }
    },
    "@types/cookiejar": {
      "version": "2.1.2",
      "resolved": "https://registry.npmjs.org/@types/cookiejar/-/cookiejar-2.1.2.tgz",
      "integrity": "sha512-t73xJJrvdTjXrn4jLS9VSGRbz0nUY3cl2DMGDU48lKl+HR9dbbjW2A9r3g40VA++mQpy6uuHg33gy7du2BKpog==",
      "dev": true
    },
    "@types/lodash": {
      "version": "4.14.178",
      "resolved": "https://registry.npmjs.org/@types/lodash/-/lodash-4.14.178.tgz",
      "integrity": "sha512-0d5Wd09ItQWH1qFbEyQ7oTQ3GZrMfth5JkbN3EvTKLXcHLRDSXeLnlvlOn0wvxVIwK5o2M8JzP/OWz7T3NRsbw==",
      "dev": true
    },
    "@types/node": {
      "version": "17.0.13",
      "resolved": "https://registry.npmjs.org/@types/node/-/node-17.0.13.tgz",
      "integrity": "sha512-Y86MAxASe25hNzlDbsviXl8jQHb0RDvKt4c40ZJQ1Don0AAL0STLZSs4N+6gLEO55pedy7r2cLwS+ZDxPm/2Bw==",
      "dev": true
    },
    "@types/superagent": {
      "version": "4.1.15",
      "resolved": "https://registry.npmjs.org/@types/superagent/-/superagent-4.1.15.tgz",
      "integrity": "sha512-mu/N4uvfDN2zVQQ5AYJI/g4qxn2bHB6521t1UuH09ShNWjebTqN0ZFuYK9uYjcgmI0dTQEs+Owi1EO6U0OkOZQ==",
      "dev": true,
      "requires": {
        "@types/cookiejar": "*",
        "@types/node": "*"
      }
    },
    "bluebird": {
      "version": "3.7.2",
      "resolved": "https://registry.npmjs.org/bluebird/-/bluebird-3.7.2.tgz",
      "integrity": "sha512-XpNj6GDQzdfW+r2Wnn7xiSAd7TM3jzkxGXBGTtWKuSXv1xUV+azxAm8jdWZN06QTQk+2N2XB9jRDkvbmQmcRtg=="
    },
    "lodash": {
      "version": "4.17.21",
      "resolved": "https://registry.npmjs.org/lodash/-/lodash-4.17.21.tgz",
      "integrity": "sha512-v2kDEe57lecTulaDIuNTPy3Ry4gLGJ6Z1O3vE1krgXZNrsQ+LFTGHVxVjcXPs17LhbZVGedAJv8XZ1tvj5FvSg=="
    },
    "moment": {
      "version": "2.29.1",
      "resolved": "https://registry.npmjs.org/moment/-/moment-2.29.1.tgz",
      "integrity": "sha512-kHmoybcPV8Sqy59DwNDY3Jefr64lK/by/da0ViFcuA4DH0vQg5Q6Ze5VimxkfQNSC+Mls/Kx53s7TjP1RhFEDQ=="
    },
    "typescript": {
      "version": "4.5.5",
      "resolved": "https://registry.npmjs.org/typescript/-/typescript-4.5.5.tgz",
      "integrity": "sha512-TCTIul70LyWe6IJWT8QSYeA54WQe8EjQFU4wY52Fasj5UKx88LNYKCgBEHcOMOrFF1rKGbD8v/xcNWVUq9SymA==",
      "dev": true
    }
  }
}
